{
  "name": "demo",
  "version": "0.0.0",
  "lockfileVersion": 2,
  "requires": true,
  "packages": {
    "": {
      "name": "demo",
      "version": "0.0.0",
      "dependencies": {
        "codewars-node-api": "^1.0.1"
      }
    },
    "node_modules/codewars-node-api": {
      "version": "1.0.1",
      "resolved": "https://registry.npmjs.org/codewars-node-api/-/codewars-node-api-1.0.1.tgz",
      "integrity": "sha512-1sUkHAKGCGcJjVOo9R0drX7KLoac4muZw8cwjL1xL25ENI3Bv2XZSzwhebFd0jCgAAHeYLlNmDfgmrKY7lyh0g==",
      "engines": {
        "node": ">=12.0.0"
      }
    }
  },
  "dependencies": {
    "codewars-node-api": {
      "version": "1.0.1",
      "resolved": "https://registry.npmjs.org/codewars-node-api/-/codewars-node-api-1.0.1.tgz",
      "integrity": "sha512-1sUkHAKGCGcJjVOo9R0drX7KLoac4muZw8cwjL1xL25ENI3Bv2XZSzwhebFd0jCgAAHeYLlNmDfgmrKY7lyh0g=="
    }
  }
}
